// !$*UTF8*$!
{
	archiveVersion = 1;
	classes = {
	};
	objectVersion = 46;
	objects = {

/* Begin PBXBuildFile section */
		B114973717BE512300F58298 /* Foundation.framework in Frameworks */ = {isa = PBXBuildFile; fileRef = B114973617BE512300F58298 /* Foundation.framework */; };
		B114973A17BE512300F58298 /* main.m in Sources */ = {isa = PBXBuildFile; fileRef = B114973917BE512300F58298 /* main.m */; };
		B114973E17BE512300F58298 /* Tests.1 in CopyFiles */ = {isa = PBXBuildFile; fileRef = B114973D17BE512300F58298 /* Tests.1 */; };
		B114974717BE515600F58298 /* OCGumbo.m in Sources */ = {isa = PBXBuildFile; fileRef = B114974617BE515600F58298 /* OCGumbo.m */; };
		B1B526EE17CB53F2002A3896 /* attribute.c in Sources */ = {isa = PBXBuildFile; fileRef = B1B526D517CB53F2002A3896 /* attribute.c */; };
		B1B526EF17CB53F2002A3896 /* char_ref.c in Sources */ = {isa = PBXBuildFile; fileRef = B1B526D717CB53F2002A3896 /* char_ref.c */; };
		B1B526F017CB53F2002A3896 /* error.c in Sources */ = {isa = PBXBuildFile; fileRef = B1B526D917CB53F2002A3896 /* error.c */; };
		B1B526F117CB53F2002A3896 /* parser.c in Sources */ = {isa = PBXBuildFile; fileRef = B1B526DD17CB53F2002A3896 /* parser.c */; };
		B1B526F217CB53F2002A3896 /* string_buffer.c in Sources */ = {isa = PBXBuildFile; fileRef = B1B526DF17CB53F2002A3896 /* string_buffer.c */; };
		B1B526F317CB53F2002A3896 /* string_piece.c in Sources */ = {isa = PBXBuildFile; fileRef = B1B526E117CB53F2002A3896 /* string_piece.c */; };
		B1B526F417CB53F2002A3896 /* tag.c in Sources */ = {isa = PBXBuildFile; fileRef = B1B526E317CB53F2002A3896 /* tag.c */; };
		B1B526F517CB53F2002A3896 /* tokenizer.c in Sources */ = {isa = PBXBuildFile; fileRef = B1B526E517CB53F2002A3896 /* tokenizer.c */; };
		B1B526F617CB53F2002A3896 /* utf8.c in Sources */ = {isa = PBXBuildFile; fileRef = B1B526E817CB53F2002A3896 /* utf8.c */; };
		B1B526F717CB53F2002A3896 /* util.c in Sources */ = {isa = PBXBuildFile; fileRef = B1B526EA17CB53F2002A3896 /* util.c */; };
		B1B526F817CB53F2002A3896 /* vector.c in Sources */ = {isa = PBXBuildFile; fileRef = B1B526EC17CB53F2002A3896 /* vector.c */; };
		B1DCD84417C3988F00239B90 /* OCGumbo+Query.m in Sources */ = {isa = PBXBuildFile; fileRef = B1DCD84317C3988F00239B90 /* OCGumbo+Query.m */; };
/* End PBXBuildFile section */

/* Begin PBXCopyFilesBuildPhase section */
		B114973117BE512300F58298 /* CopyFiles */ = {
			isa = PBXCopyFilesBuildPhase;
			buildActionMask = 2147483647;
			dstPath = /usr/share/man/man1/;
			dstSubfolderSpec = 0;
			files = (
				B114973E17BE512300F58298 /* Tests.1 in CopyFiles */,
			);
			runOnlyForDeploymentPostprocessing = 1;
		};
/* End PBXCopyFilesBuildPhase section */

/* Begin PBXFileReference section */
		B114973317BE512300F58298 /* Tests */ = {isa = PBXFileReference; explicitFileType = "compiled.mach-o.executable"; includeInIndex = 0; path = Tests; sourceTree = BUILT_PRODUCTS_DIR; };
		B114973617BE512300F58298 /* Foundation.framework */ = {isa = PBXFileReference; lastKnownFileType = wrapper.framework; name = Foundation.framework; path = System/Library/Frameworks/Foundation.framework; sourceTree = SDKROOT; };
		B114973917BE512300F58298 /* main.m */ = {isa = PBXFileReference; lastKnownFileType = sourcecode.c.objc; path = main.m; sourceTree = "<group>"; };
		B114973C17BE512300F58298 /* Tests-Prefix.pch */ = {isa = PBXFileReference; lastKnownFileType = sourcecode.c.h; path = "Tests-Prefix.pch"; sourceTree = "<group>"; };
		B114973D17BE512300F58298 /* Tests.1 */ = {isa = PBXFileReference; lastKnownFileType = text.man; path = Tests.1; sourceTree = "<group>"; };
		B114974517BE515600F58298 /* OCGumbo.h */ = {isa = PBXFileReference; fileEncoding = 4; lastKnownFileType = sourcecode.c.h; path = OCGumbo.h; sourceTree = "<group>"; };
		B114974617BE515600F58298 /* OCGumbo.m */ = {isa = PBXFileReference; fileEncoding = 4; lastKnownFileType = sourcecode.c.objc; path = OCGumbo.m; sourceTree = "<group>"; };
		B114976D17BE52B300F58298 /* LICENSE */ = {isa = PBXFileReference; fileEncoding = 4; lastKnownFileType = text; name = LICENSE; path = ../../LICENSE; sourceTree = "<group>"; };
		B114976E17BE52B300F58298 /* README.md */ = {isa = PBXFileReference; fileEncoding = 4; lastKnownFileType = text; name = README.md; path = ../../README.md; sourceTree = "<group>"; };
		B1B526D517CB53F2002A3896 /* attribute.c */ = {isa = PBXFileReference; fileEncoding = 4; lastKnownFileType = sourcecode.c.c; path = attribute.c; sourceTree = "<group>"; };
		B1B526D617CB53F2002A3896 /* attribute.h */ = {isa = PBXFileReference; fileEncoding = 4; lastKnownFileType = sourcecode.c.h; path = attribute.h; sourceTree = "<group>"; };
		B1B526D717CB53F2002A3896 /* char_ref.c */ = {isa = PBXFileReference; fileEncoding = 4; lastKnownFileType = sourcecode.c.c; path = char_ref.c; sourceTree = "<group>"; };
		B1B526D817CB53F2002A3896 /* char_ref.h */ = {isa = PBXFileReference; fileEncoding = 4; lastKnownFileType = sourcecode.c.h; path = char_ref.h; sourceTree = "<group>"; };
		B1B526D917CB53F2002A3896 /* error.c */ = {isa = PBXFileReference; fileEncoding = 4; lastKnownFileType = sourcecode.c.c; path = error.c; sourceTree = "<group>"; };
		B1B526DA17CB53F2002A3896 /* error.h */ = {isa = PBXFileReference; fileEncoding = 4; lastKnownFileType = sourcecode.c.h; path = error.h; sourceTree = "<group>"; };
		B1B526DB17CB53F2002A3896 /* gumbo.h */ = {isa = PBXFileReference; fileEncoding = 4; lastKnownFileType = sourcecode.c.h; path = gumbo.h; sourceTree = "<group>"; };
		B1B526DC17CB53F2002A3896 /* insertion_mode.h */ = {isa = PBXFileReference; fileEncoding = 4; lastKnownFileType = sourcecode.c.h; path = insertion_mode.h; sourceTree = "<group>"; };
		B1B526DD17CB53F2002A3896 /* parser.c */ = {isa = PBXFileReference; fileEncoding = 4; lastKnownFileType = sourcecode.c.c; path = parser.c; sourceTree = "<group>"; };
		B1B526DE17CB53F2002A3896 /* parser.h */ = {isa = PBXFileReference; fileEncoding = 4; lastKnownFileType = sourcecode.c.h; path = parser.h; sourceTree = "<group>"; };
		B1B526DF17CB53F2002A3896 /* string_buffer.c */ = {isa = PBXFileReference; fileEncoding = 4; lastKnownFileType = sourcecode.c.c; path = string_buffer.c; sourceTree = "<group>"; };
		B1B526E017CB53F2002A3896 /* string_buffer.h */ = {isa = PBXFileReference; fileEncoding = 4; lastKnownFileType = sourcecode.c.h; path = string_buffer.h; sourceTree = "<group>"; };
		B1B526E117CB53F2002A3896 /* string_piece.c */ = {isa = PBXFileReference; fileEncoding = 4; lastKnownFileType = sourcecode.c.c; path = string_piece.c; sourceTree = "<group>"; };
		B1B526E217CB53F2002A3896 /* string_piece.h */ = {isa = PBXFileReference; fileEncoding = 4; lastKnownFileType = sourcecode.c.h; path = string_piece.h; sourceTree = "<group>"; };
		B1B526E317CB53F2002A3896 /* tag.c */ = {isa = PBXFileReference; fileEncoding = 4; lastKnownFileType = sourcecode.c.c; path = tag.c; sourceTree = "<group>"; };
		B1B526E417CB53F2002A3896 /* token_type.h */ = {isa = PBXFileReference; fileEncoding = 4; lastKnownFileType = sourcecode.c.h; path = token_type.h; sourceTree = "<group>"; };
		B1B526E517CB53F2002A3896 /* tokenizer.c */ = {isa = PBXFileReference; fileEncoding = 4; lastKnownFileType = sourcecode.c.c; path = tokenizer.c; sourceTree = "<group>"; };
		B1B526E617CB53F2002A3896 /* tokenizer.h */ = {isa = PBXFileReference; fileEncoding = 4; lastKnownFileType = sourcecode.c.h; path = tokenizer.h; sourceTree = "<group>"; };
		B1B526E717CB53F2002A3896 /* tokenizer_states.h */ = {isa = PBXFileReference; fileEncoding = 4; lastKnownFileType = sourcecode.c.h; path = tokenizer_states.h; sourceTree = "<group>"; };
		B1B526E817CB53F2002A3896 /* utf8.c */ = {isa = PBXFileReference; fileEncoding = 4; lastKnownFileType = sourcecode.c.c; path = utf8.c; sourceTree = "<group>"; };
		B1B526E917CB53F2002A3896 /* utf8.h */ = {isa = PBXFileReference; fileEncoding = 4; lastKnownFileType = sourcecode.c.h; path = utf8.h; sourceTree = "<group>"; };
		B1B526EA17CB53F2002A3896 /* util.c */ = {isa = PBXFileReference; fileEncoding = 4; lastKnownFileType = sourcecode.c.c; path = util.c; sourceTree = "<group>"; };
		B1B526EB17CB53F2002A3896 /* util.h */ = {isa = PBXFileReference; fileEncoding = 4; lastKnownFileType = sourcecode.c.h; path = util.h; sourceTree = "<group>"; };
		B1B526EC17CB53F2002A3896 /* vector.c */ = {isa = PBXFileReference; fileEncoding = 4; lastKnownFileType = sourcecode.c.c; path = vector.c; sourceTree = "<group>"; };
		B1B526ED17CB53F2002A3896 /* vector.h */ = {isa = PBXFileReference; fileEncoding = 4; lastKnownFileType = sourcecode.c.h; path = vector.h; sourceTree = "<group>"; };
		B1DCD84217C3988F00239B90 /* OCGumbo+Query.h */ = {isa = PBXFileReference; fileEncoding = 4; lastKnownFileType = sourcecode.c.h; path = "OCGumbo+Query.h"; sourceTree = "<group>"; };
		B1DCD84317C3988F00239B90 /* OCGumbo+Query.m */ = {isa = PBXFileReference; fileEncoding = 4; lastKnownFileType = sourcecode.c.objc; path = "OCGumbo+Query.m"; sourceTree = "<group>"; };
/* End PBXFileReference section */

/* Begin PBXFrameworksBuildPhase section */
		B114973017BE512300F58298 /* Frameworks */ = {
			isa = PBXFrameworksBuildPhase;
			buildActionMask = 2147483647;
			files = (
				B114973717BE512300F58298 /* Foundation.framework in Frameworks */,
			);
			runOnlyForDeploymentPostprocessing = 0;
		};
/* End PBXFrameworksBuildPhase section */

/* Begin PBXGroup section */
		B114972A17BE512300F58298 = {
			isa = PBXGroup;
			children = (
				B114973817BE512300F58298 /* Tests */,
				B114973517BE512300F58298 /* Frameworks */,
				B114973417BE512300F58298 /* Products */,
			);
			sourceTree = "<group>";
		};
		B114973417BE512300F58298 /* Products */ = {
			isa = PBXGroup;
			children = (
				B114973317BE512300F58298 /* Tests */,
			);
			name = Products;
			sourceTree = "<group>";
		};
		B114973517BE512300F58298 /* Frameworks */ = {
			isa = PBXGroup;
			children = (
				B114973617BE512300F58298 /* Foundation.framework */,
			);
			name = Frameworks;
			sourceTree = "<group>";
		};
		B114973817BE512300F58298 /* Tests */ = {
			isa = PBXGroup;
			children = (
				B114973917BE512300F58298 /* main.m */,
				B114974417BE514600F58298 /* OCGumbo */,
				B114973D17BE512300F58298 /* Tests.1 */,
				B114973B17BE512300F58298 /* Supporting Files */,
			);
			path = Tests;
			sourceTree = "<group>";
		};
		B114973B17BE512300F58298 /* Supporting Files */ = {
			isa = PBXGroup;
			children = (
				B1B526D417CB53F2002A3896 /* src */,
				B114973C17BE512300F58298 /* Tests-Prefix.pch */,
				B114976D17BE52B300F58298 /* LICENSE */,
				B114976E17BE52B300F58298 /* README.md */,
			);
			name = "Supporting Files";
			sourceTree = "<group>";
		};
		B114974417BE514600F58298 /* OCGumbo */ = {
			isa = PBXGroup;
			children = (
				B114974517BE515600F58298 /* OCGumbo.h */,
				B114974617BE515600F58298 /* OCGumbo.m */,
				B1DCD84217C3988F00239B90 /* OCGumbo+Query.h */,
				B1DCD84317C3988F00239B90 /* OCGumbo+Query.m */,
			);
			name = OCGumbo;
			path = ../../OCGumbo;
			sourceTree = "<group>";
		};
		B1B526D417CB53F2002A3896 /* src */ = {
			isa = PBXGroup;
			children = (
				B1B526D517CB53F2002A3896 /* attribute.c */,
				B1B526D617CB53F2002A3896 /* attribute.h */,
				B1B526D717CB53F2002A3896 /* char_ref.c */,
				B1B526D817CB53F2002A3896 /* char_ref.h */,
				B1B526D917CB53F2002A3896 /* error.c */,
				B1B526DA17CB53F2002A3896 /* error.h */,
				B1B526DB17CB53F2002A3896 /* gumbo.h */,
				B1B526DC17CB53F2002A3896 /* insertion_mode.h */,
				B1B526DD17CB53F2002A3896 /* parser.c */,
				B1B526DE17CB53F2002A3896 /* parser.h */,
				B1B526DF17CB53F2002A3896 /* string_buffer.c */,
				B1B526E017CB53F2002A3896 /* string_buffer.h */,
				B1B526E117CB53F2002A3896 /* string_piece.c */,
				B1B526E217CB53F2002A3896 /* string_piece.h */,
				B1B526E317CB53F2002A3896 /* tag.c */,
				B1B526E417CB53F2002A3896 /* token_type.h */,
				B1B526E517CB53F2002A3896 /* tokenizer.c */,
				B1B526E617CB53F2002A3896 /* tokenizer.h */,
				B1B526E717CB53F2002A3896 /* tokenizer_states.h */,
				B1B526E817CB53F2002A3896 /* utf8.c */,
				B1B526E917CB53F2002A3896 /* utf8.h */,
				B1B526EA17CB53F2002A3896 /* util.c */,
				B1B526EB17CB53F2002A3896 /* util.h */,
				B1B526EC17CB53F2002A3896 /* vector.c */,
				B1B526ED17CB53F2002A3896 /* vector.h */,
			);
			name = src;
			path = ../../OCGumbo/gumbo/src;
			sourceTree = "<group>";
		};
/* End PBXGroup section */

/* Begin PBXNativeTarget section */
		B114973217BE512300F58298 /* Tests */ = {
			isa = PBXNativeTarget;
			buildConfigurationList = B114974117BE512300F58298 /* Build configuration list for PBXNativeTarget "Tests" */;
			buildPhases = (
				B114972F17BE512300F58298 /* Sources */,
				B114973017BE512300F58298 /* Frameworks */,
				B114973117BE512300F58298 /* CopyFiles */,
			);
			buildRules = (
			);
			dependencies = (
			);
			name = Tests;
			productName = Tests;
			productReference = B114973317BE512300F58298 /* Tests */;
			productType = "com.apple.product-type.tool";
		};
/* End PBXNativeTarget section */

/* Begin PBXProject section */
		B114972B17BE512300F58298 /* Project object */ = {
			isa = PBXProject;
			attributes = {
				LastUpgradeCheck = 0500;
				ORGANIZATIONNAME = EsoftMobile.com;
			};
			buildConfigurationList = B114972E17BE512300F58298 /* Build configuration list for PBXProject "Tests" */;
			compatibilityVersion = "Xcode 3.2";
			developmentRegion = English;
			hasScannedForEncodings = 0;
			knownRegions = (
				en,
			);
			mainGroup = B114972A17BE512300F58298;
			productRefGroup = B114973417BE512300F58298 /* Products */;
			projectDirPath = "";
			projectRoot = "";
			targets = (
				B114973217BE512300F58298 /* Tests */,
			);
		};
/* End PBXProject section */

/* Begin PBXSourcesBuildPhase section */
		B114972F17BE512300F58298 /* Sources */ = {
			isa = PBXSourcesBuildPhase;
			buildActionMask = 2147483647;
			files = (
				B1B526F717CB53F2002A3896 /* util.c in Sources */,
				B1B526F417CB53F2002A3896 /* tag.c in Sources */,
				B1B526F817CB53F2002A3896 /* vector.c in Sources */,
				B1B526F317CB53F2002A3896 /* string_piece.c in Sources */,
				B1B526F217CB53F2002A3896 /* string_buffer.c in Sources */,
				B1B526F117CB53F2002A3896 /* parser.c in Sources */,
				B1B526F017CB53F2002A3896 /* error.c in Sources */,
				B1B526EF17CB53F2002A3896 /* char_ref.c in Sources */,
				B1B526F617CB53F2002A3896 /* utf8.c in Sources */,
				B1B526EE17CB53F2002A3896 /* attribute.c in Sources */,
				B114974717BE515600F58298 /* OCGumbo.m in Sources */,
				B1DCD84417C3988F00239B90 /* OCGumbo+Query.m in Sources */,
				B1B526F517CB53F2002A3896 /* tokenizer.c in Sources */,
				B114973A17BE512300F58298 /* main.m in Sources */,
			);
			runOnlyForDeploymentPostprocessing = 0;
		};
/* End PBXSourcesBuildPhase section */

/* Begin XCBuildConfiguration section */
		B114973F17BE512300F58298 /* Debug */ = {
			isa = XCBuildConfiguration;
			buildSettings = {
				ALWAYS_SEARCH_USER_PATHS = NO;
				CLANG_CXX_LANGUAGE_STANDARD = "gnu++0x";
				CLANG_CXX_LIBRARY = "libc++";
				CLANG_ENABLE_MODULES = YES;
				CLANG_ENABLE_OBJC_ARC = YES;
				CLANG_WARN_BOOL_CONVERSION = YES;
				CLANG_WARN_CONSTANT_CONVERSION = YES;
				CLANG_WARN_DIRECT_OBJC_ISA_USAGE = YES_ERROR;
				CLANG_WARN_EMPTY_BODY = YES;
				CLANG_WARN_ENUM_CONVERSION = YES;
				CLANG_WARN_INT_CONVERSION = YES;
				CLANG_WARN_OBJC_ROOT_CLASS = YES_ERROR;
				CLANG_WARN__DUPLICATE_METHOD_MATCH = YES;
				COPY_PHASE_STRIP = NO;
				GCC_C_LANGUAGE_STANDARD = gnu99;
				GCC_DYNAMIC_NO_PIC = NO;
				GCC_ENABLE_OBJC_EXCEPTIONS = YES;
				GCC_OPTIMIZATION_LEVEL = 0;
				GCC_PREPROCESSOR_DEFINITIONS = (
					"DEBUG=1",
					"$(inherited)",
				);
				GCC_SYMBOLS_PRIVATE_EXTERN = NO;
				GCC_WARN_64_TO_32_BIT_CONVERSION = NO;
				GCC_WARN_ABOUT_RETURN_TYPE = YES_ERROR;
				GCC_WARN_UNDECLARED_SELECTOR = YES;
				GCC_WARN_UNINITIALIZED_AUTOS = YES;
				GCC_WARN_UNUSED_FUNCTION = YES;
				GCC_WARN_UNUSED_VARIABLE = YES;
				MACOSX_DEPLOYMENT_TARGET = 10.8;
				ONLY_ACTIVE_ARCH = YES;
				SDKROOT = macosx;
			};
			name = Debug;
		};
		B114974017BE512300F58298 /* Release */ = {
			isa = XCBuildConfiguration;
			buildSettings = {
				ALWAYS_SEARCH_USER_PATHS = NO;
				CLANG_CXX_LANGUAGE_STANDARD = "gnu++0x";
				CLANG_CXX_LIBRARY = "libc++";
				CLANG_ENABLE_MODULES = YES;
				CLANG_ENABLE_OBJC_ARC = YES;
				CLANG_WARN_BOOL_CONVERSION = YES;
				CLANG_WARN_CONSTANT_CONVERSION = YES;
				CLANG_WARN_DIRECT_OBJC_ISA_USAGE = YES_ERROR;
				CLANG_WARN_EMPTY_BODY = YES;
				CLANG_WARN_ENUM_CONVERSION = YES;
				CLANG_WARN_INT_CONVERSION = YES;
				CLANG_WARN_OBJC_ROOT_CLASS = YES_ERROR;
				CLANG_WARN__DUPLICATE_METHOD_MATCH = YES;
				COPY_PHASE_STRIP = YES;
				DEBUG_INFORMATION_FORMAT = "dwarf-with-dsym";
				ENABLE_NS_ASSERTIONS = NO;
				GCC_C_LANGUAGE_STANDARD = gnu99;
				GCC_ENABLE_OBJC_EXCEPTIONS = YES;
				GCC_WARN_64_TO_32_BIT_CONVERSION = NO;
				GCC_WARN_ABOUT_RETURN_TYPE = YES_ERROR;
				GCC_WARN_UNDECLARED_SELECTOR = YES;
				GCC_WARN_UNINITIALIZED_AUTOS = YES;
				GCC_WARN_UNUSED_FUNCTION = YES;
				GCC_WARN_UNUSED_VARIABLE = YES;
				MACOSX_DEPLOYMENT_TARGET = 10.8;
				SDKROOT = macosx;
			};
			name = Release;
		};
		B114974217BE512300F58298 /* Debug */ = {
			isa = XCBuildConfiguration;
			buildSettings = {
				GCC_PRECOMPILE_PREFIX_HEADER = YES;
				GCC_PREFIX_HEADER = "Tests/Tests-Prefix.pch";
				PRODUCT_NAME = "$(TARGET_NAME)";
			};
			name = Debug;
		};
		B114974317BE512300F58298 /* Release */ = {
			isa = XCBuildConfiguration;
			buildSettings = {
				GCC_PRECOMPILE_PREFIX_HEADER = YES;
				GCC_PREFIX_HEADER = "Tests/Tests-Prefix.pch";
				PRODUCT_NAME = "$(TARGET_NAME)";
			};
			name = Release;
		};
/* End XCBuildConfiguration section */

/* Begin XCConfigurationList section */
		B114972E17BE512300F58298 /* Build configuration list for PBXProject "Tests" */ = {
			isa = XCConfigurationList;
			buildConfigurations = (
				B114973F17BE512300F58298 /* Debug */,
				B114974017BE512300F58298 /* Release */,
			);
			defaultConfigurationIsVisible = 0;
			defaultConfigurationName = Release;
		};
		B114974117BE512300F58298 /* Build configuration list for PBXNativeTarget "Tests" */ = {
			isa = XCConfigurationList;
			buildConfigurations = (
				B114974217BE512300F58298 /* Debug */,
				B114974317BE512300F58298 /* Release */,
			);
			defaultConfigurationIsVisible = 0;
			defaultConfigurationName = Release;
		};
/* End XCConfigurationList section */
	};
	rootObject = B114972B17BE512300F58298 /* Project object */;
}
